{
    "name": "1.parseData",
    "lockfileVersion": 2,
    "requires": true,
    "packages": {
        "": {
            "dependencies": {
                "csv-parser": "^3.0.0",
                "fast-xml-parser": "^4.1.1",
                "yaml": "^2.2.1"
            }
        },
        "node_modules/csv-parser": {
            "version": "3.0.0",
            "resolved": "https://registry.npmjs.org/csv-parser/-/csv-parser-3.0.0.tgz",
            "integrity": "sha512-s6OYSXAK3IdKqYO33y09jhypG/bSDHPuyCme/IdEHfWpLf/jKcpitVFyOC6UemgGk8v7Q5u2XE0vvwmanxhGlQ==",
            "dependencies": {
                "minimist": "^1.2.0"
            },
            "bin": {
                "csv-parser": "bin/csv-parser"
            },
            "engines": {
                "node": ">= 10"
            }
        },
        "node_modules/fast-xml-parser": {
            "version": "4.1.1",
            "resolved": "https://registry.npmjs.org/fast-xml-parser/-/fast-xml-parser-4.1.1.tgz",
            "integrity": "sha512-4gAP5PvNyrqePBOIIcpaEeE+nKBry1n6qTQiJsE59sLP0OC+YwhU7/XVmLLEMexbiluFQX1yEYm82Pk9B7xEiw==",
            "dependencies": {
                "strnum": "^1.0.5"
            },
            "bin": {
                "fxparser": "src/cli/cli.js"
            },
            "funding": {
                "type": "paypal",
                "url": "https://paypal.me/naturalintelligence"
            }
        },
        "node_modules/minimist": {
            "version": "1.2.8",
            "resolved": "https://registry.npmjs.org/minimist/-/minimist-1.2.8.tgz",
            "integrity": "sha512-2yyAR8qBkN3YuheJanUpWC5U3bb5osDywNB8RzDVlDwDHbocAJveqqj1u8+SVD7jkWT4yvsHCpWqqWqAxb0zCA==",
            "funding": {
                "url": "https://github.com/sponsors/ljharb"
            }
        },
        "node_modules/strnum": {
            "version": "1.0.5",
            "resolved": "https://registry.npmjs.org/strnum/-/strnum-1.0.5.tgz",
            "integrity": "sha512-J8bbNyKKXl5qYcR36TIO8W3mVGVHrmmxsd5PAItGkmyzwJvybiw2IVq5nqd0i4LSNSkB/sx9VHllbfFdr9k1JA=="
        },
        "node_modules/yaml": {
            "version": "2.2.1",
            "resolved": "https://registry.npmjs.org/yaml/-/yaml-2.2.1.tgz",
            "integrity": "sha512-e0WHiYql7+9wr4cWMx3TVQrNwejKaEe7/rHNmQmqRjazfOP5W8PB6Jpebb5o6fIapbz9o9+2ipcaTM2ZwDI6lw==",
            "engines": {
                "node": ">= 14"
            }
        }
    },
    "dependencies": {
        "csv-parser": {
            "version": "3.0.0",
            "resolved": "https://registry.npmjs.org/csv-parser/-/csv-parser-3.0.0.tgz",
            "integrity": "sha512-s6OYSXAK3IdKqYO33y09jhypG/bSDHPuyCme/IdEHfWpLf/jKcpitVFyOC6UemgGk8v7Q5u2XE0vvwmanxhGlQ==",
            "requires": {
                "minimist": "^1.2.0"
            }
        },
        "fast-xml-parser": {
            "version": "4.1.1",
            "resolved": "https://registry.npmjs.org/fast-xml-parser/-/fast-xml-parser-4.1.1.tgz",
            "integrity": "sha512-4gAP5PvNyrqePBOIIcpaEeE+nKBry1n6qTQiJsE59sLP0OC+YwhU7/XVmLLEMexbiluFQX1yEYm82Pk9B7xEiw==",
            "requires": {
                "strnum": "^1.0.5"
            }
        },
        "minimist": {
            "version": "1.2.8",
            "resolved": "https://registry.npmjs.org/minimist/-/minimist-1.2.8.tgz",
            "integrity": "sha512-2yyAR8qBkN3YuheJanUpWC5U3bb5osDywNB8RzDVlDwDHbocAJveqqj1u8+SVD7jkWT4yvsHCpWqqWqAxb0zCA=="
        },
        "strnum": {
            "version": "1.0.5",
            "resolved": "https://registry.npmjs.org/strnum/-/strnum-1.0.5.tgz",
            "integrity": "sha512-J8bbNyKKXl5qYcR36TIO8W3mVGVHrmmxsd5PAItGkmyzwJvybiw2IVq5nqd0i4LSNSkB/sx9VHllbfFdr9k1JA=="
        },
        "yaml": {
            "version": "2.2.1",
            "resolved": "https://registry.npmjs.org/yaml/-/yaml-2.2.1.tgz",
            "integrity": "sha512-e0WHiYql7+9wr4cWMx3TVQrNwejKaEe7/rHNmQmqRjazfOP5W8PB6Jpebb5o6fIapbz9o9+2ipcaTM2ZwDI6lw=="
        }
    }
}
